
Microsoft Visual Studio Solution File, Format Version 12.00
# Visual Studio 15
VisualStudioVersion = 15.0.27130.2010
MinimumVisualStudioVersion = 10.0.40219.1
Project("{FAE04EC0-301F-11D3-BF4B-00C04F79EFBC}") = "ColorWindow", "ColorWindow\ColorWindow.csproj", "{BB2A91D0-D930-4ED1-970A-C215E037EA19}"
EndProject
Global
	GlobalSection(SolutionConfigurationPlatforms) = preSolution
		Debug|Any CPU = Debug|Any CPU
		Release|Any CPU = Release|Any CPU
	EndGlobalSection
	GlobalSection(ProjectConfigurationPlatforms) = postSolution
		{BB2A91D0-D930-4ED1-970A-C215E037EA19}.Debug|Any CPU.ActiveCfg = Debug|Any CPU
		{BB2A91D0-D930-4ED1-970A-C215E037EA19}.Debug|Any CPU.Build.0 = Debug|Any CPU
		{BB2A91D0-D930-4ED1-970A-C215E037EA19}.Release|Any CPU.ActiveCfg = Release|Any CPU
		{BB2A91D0-D930-4ED1-970A-C215E037EA19}.Release|Any CPU.Build.0 = Release|Any CPU
	EndGlobalSection
	GlobalSection(SolutionProperties) = preSolution
		HideSolutionNode = FALSE
	EndGlobalSection
	GlobalSection(ExtensibilityGlobals) = postSolution
		SolutionGuid = {7E307142-BD8C-4DCC-83E1-E5BC38D81DE7}
	EndGlobalSection
EndGlobal
